
Microsoft Visual Studio Solution File, Format Version 12.00
# Visual Studio Version 17
VisualStudioVersion = 17.1.32421.90
MinimumVisualStudioVersion = 10.0.40219.1
Project("{FAE04EC0-301F-11D3-BF4B-00C04F79EFBC}") = "lab04", "lab04\lab04.csproj", "{655C2047-94C4-4BFB-96CA-2554D40488FF}"
EndProject
Global
	GlobalSection(SolutionConfigurationPlatforms) = preSolution
		Debug|Any CPU = Debug|Any CPU
		Release|Any CPU = Release|Any CPU
	EndGlobalSection
	GlobalSection(ProjectConfigurationPlatforms) = postSolution
		{655C2047-94C4-4BFB-96CA-2554D40488FF}.Debug|Any CPU.ActiveCfg = Debug|Any CPU
		{655C2047-94C4-4BFB-96CA-2554D40488FF}.Debug|Any CPU.Build.0 = Debug|Any CPU
		{655C2047-94C4-4BFB-96CA-2554D40488FF}.Release|Any CPU.ActiveCfg = Release|Any CPU
		{655C2047-94C4-4BFB-96CA-2554D40488FF}.Release|Any CPU.Build.0 = Release|Any CPU
	EndGlobalSection
	GlobalSection(SolutionProperties) = preSolution
		HideSolutionNode = FALSE
	EndGlobalSection
	GlobalSection(ExtensibilityGlobals) = postSolution
		SolutionGuid = {A915D280-3EB2-42D0-9DFE-8ADC85BC3BDE}
	EndGlobalSection
EndGlobal
